// !$*UTF8*$!
{
	archiveVersion = 1;
	classes = {
	};
	objectVersion = 77;
	objects = {

/* Begin PBXBuildFile section */
		68C5C7712E5811C600AAE287 /* FastBlock Extension.appex in Embed Foundation Extensions */ = {isa = PBXBuildFile; fileRef = 68C5C7582E5811C600AAE287 /* FastBlock Extension.appex */; settings = {ATTRIBUTES = (RemoveHeadersOnCopy, ); }; };
/* End PBXBuildFile section */

/* Begin PBXContainerItemProxy section */
		68C5C7382E58113D00AAE287 /* PBXContainerItemProxy */ = {
			isa = PBXContainerItemProxy;
			containerPortal = 68C5C7212E58113B00AAE287 /* Project object */;
			proxyType = 1;
			remoteGlobalIDString = 68C5C7282E58113B00AAE287;
			remoteInfo = FastBlock;
		};
		68C5C7422E58113D00AAE287 /* PBXContainerItemProxy */ = {
			isa = PBXContainerItemProxy;
			containerPortal = 68C5C7212E58113B00AAE287 /* Project object */;
			proxyType = 1;
			remoteGlobalIDString = 68C5C7282E58113B00AAE287;
			remoteInfo = FastBlock;
		};
		68C5C76F2E5811C600AAE287 /* PBXContainerItemProxy */ = {
			isa = PBXContainerItemProxy;
			containerPortal = 68C5C7212E58113B00AAE287 /* Project object */;
			proxyType = 1;
			remoteGlobalIDString = 68C5C7572E5811C600AAE287;
			remoteInfo = "FastBlock Extension";
		};
/* End PBXContainerItemProxy section */

/* Begin PBXCopyFilesBuildPhase section */
		68C5C7762E5811C600AAE287 /* Embed Foundation Extensions */ = {
			isa = PBXCopyFilesBuildPhase;
			buildActionMask = 2147483647;
			dstPath = "";
			dstSubfolderSpec = 13;
			files = (
				68C5C7712E5811C600AAE287 /* FastBlock Extension.appex in Embed Foundation Extensions */,
			);
			name = "Embed Foundation Extensions";
			runOnlyForDeploymentPostprocessing = 0;
		};
/* End PBXCopyFilesBuildPhase section */

/* Begin PBXFileReference section */
		68C5C7292E58113B00AAE287 /* FastBlock.app */ = {isa = PBXFileReference; explicitFileType = wrapper.application; includeInIndex = 0; path = FastBlock.app; sourceTree = BUILT_PRODUCTS_DIR; };
		68C5C7372E58113D00AAE287 /* FastBlockTests.xctest */ = {isa = PBXFileReference; explicitFileType = wrapper.cfbundle; includeInIndex = 0; path = FastBlockTests.xctest; sourceTree = BUILT_PRODUCTS_DIR; };
		68C5C7412E58113D00AAE287 /* FastBlockUITests.xctest */ = {isa = PBXFileReference; explicitFileType = wrapper.cfbundle; includeInIndex = 0; path = FastBlockUITests.xctest; sourceTree = BUILT_PRODUCTS_DIR; };
		68C5C7582E5811C600AAE287 /* FastBlock Extension.appex */ = {isa = PBXFileReference; explicitFileType = "wrapper.app-extension"; includeInIndex = 0; path = "FastBlock Extension.appex"; sourceTree = BUILT_PRODUCTS_DIR; };
/* End PBXFileReference section */

/* Begin PBXFileSystemSynchronizedBuildFileExceptionSet section */
		68C5C7722E5811C600AAE287 /* Exceptions for "FastBlock Extension" folder in "FastBlock Extension" target */ = {
			isa = PBXFileSystemSynchronizedBuildFileExceptionSet;
			membershipExceptions = (
				Info.plist,
			);
			target = 68C5C7572E5811C600AAE287 /* FastBlock Extension */;
		};
/* End PBXFileSystemSynchronizedBuildFileExceptionSet section */

/* Begin PBXFileSystemSynchronizedRootGroup section */
		68C5C72B2E58113B00AAE287 /* FastBlock */ = {
			isa = PBXFileSystemSynchronizedRootGroup;
			path = FastBlock;
			sourceTree = "<group>";
		};
		68C5C73A2E58113D00AAE287 /* FastBlockTests */ = {
			isa = PBXFileSystemSynchronizedRootGroup;
			path = FastBlockTests;
			sourceTree = "<group>";
		};
		68C5C7442E58113D00AAE287 /* FastBlockUITests */ = {
			isa = PBXFileSystemSynchronizedRootGroup;
			path = FastBlockUITests;
			sourceTree = "<group>";
		};
		68C5C7592E5811C600AAE287 /* FastBlock Extension */ = {
			isa = PBXFileSystemSynchronizedRootGroup;
			exceptions = (
				68C5C7722E5811C600AAE287 /* Exceptions for "FastBlock Extension" folder in "FastBlock Extension" target */,
			);
			explicitFolders = (
				Resources/_locales,
				Resources/images,
			);
			path = "FastBlock Extension";
			sourceTree = "<group>";
		};
/* End PBXFileSystemSynchronizedRootGroup section */

/* Begin PBXFrameworksBuildPhase section */
		68C5C7262E58113B00AAE287 /* Frameworks */ = {
			isa = PBXFrameworksBuildPhase;
			buildActionMask = 2147483647;
			files = (
			);
			runOnlyForDeploymentPostprocessing = 0;
		};
		68C5C7342E58113D00AAE287 /* Frameworks */ = {
			isa = PBXFrameworksBuildPhase;
			buildActionMask = 2147483647;
			files = (
			);
			runOnlyForDeploymentPostprocessing = 0;
		};
		68C5C73E2E58113D00AAE287 /* Frameworks */ = {
			isa = PBXFrameworksBuildPhase;
			buildActionMask = 2147483647;
			files = (
			);
			runOnlyForDeploymentPostprocessing = 0;
		};
		68C5C7552E5811C600AAE287 /* Frameworks */ = {
			isa = PBXFrameworksBuildPhase;
			buildActionMask = 2147483647;
			files = (
			);
			runOnlyForDeploymentPostprocessing = 0;
		};
/* End PBXFrameworksBuildPhase section */

/* Begin PBXGroup section */
		68C5C7202E58113B00AAE287 = {
			isa = PBXGroup;
			children = (
				68C5C72B2E58113B00AAE287 /* FastBlock */,
				68C5C73A2E58113D00AAE287 /* FastBlockTests */,
				68C5C7442E58113D00AAE287 /* FastBlockUITests */,
				68C5C7592E5811C600AAE287 /* FastBlock Extension */,
				68C5C72A2E58113B00AAE287 /* Products */,
			);
			sourceTree = "<group>";
		};
		68C5C72A2E58113B00AAE287 /* Products */ = {
			isa = PBXGroup;
			children = (
				68C5C7292E58113B00AAE287 /* FastBlock.app */,
				68C5C7372E58113D00AAE287 /* FastBlockTests.xctest */,
				68C5C7412E58113D00AAE287 /* FastBlockUITests.xctest */,
				68C5C7582E5811C600AAE287 /* FastBlock Extension.appex */,
			);
			name = Products;
			sourceTree = "<group>";
		};
/* End PBXGroup section */

/* Begin PBXNativeTarget section */
		68C5C7282E58113B00AAE287 /* FastBlock */ = {
			isa = PBXNativeTarget;
			buildConfigurationList = 68C5C74B2E58113D00AAE287 /* Build configuration list for PBXNativeTarget "FastBlock" */;
			buildPhases = (
				68C5C7252E58113B00AAE287 /* Sources */,
				68C5C7262E58113B00AAE287 /* Frameworks */,
				68C5C7272E58113B00AAE287 /* Resources */,
				68C5C7762E5811C600AAE287 /* Embed Foundation Extensions */,
			);
			buildRules = (
			);
			dependencies = (
				68C5C7702E5811C600AAE287 /* PBXTargetDependency */,
			);
			fileSystemSynchronizedGroups = (
				68C5C72B2E58113B00AAE287 /* FastBlock */,
			);
			name = FastBlock;
			packageProductDependencies = (
			);
			productName = FastBlock;
			productReference = 68C5C7292E58113B00AAE287 /* FastBlock.app */;
			productType = "com.apple.product-type.application";
		};
		68C5C7362E58113D00AAE287 /* FastBlockTests */ = {
			isa = PBXNativeTarget;
			buildConfigurationList = 68C5C74E2E58113D00AAE287 /* Build configuration list for PBXNativeTarget "FastBlockTests" */;
			buildPhases = (
				68C5C7332E58113D00AAE287 /* Sources */,
				68C5C7342E58113D00AAE287 /* Frameworks */,
				68C5C7352E58113D00AAE287 /* Resources */,
			);
			buildRules = (
			);
			dependencies = (
				68C5C7392E58113D00AAE287 /* PBXTargetDependency */,
			);
			fileSystemSynchronizedGroups = (
				68C5C73A2E58113D00AAE287 /* FastBlockTests */,
			);
			name = FastBlockTests;
			packageProductDependencies = (
			);
			productName = FastBlockTests;
			productReference = 68C5C7372E58113D00AAE287 /* FastBlockTests.xctest */;
			productType = "com.apple.product-type.bundle.unit-test";
		};
		68C5C7402E58113D00AAE287 /* FastBlockUITests */ = {
			isa = PBXNativeTarget;
			buildConfigurationList = 68C5C7512E58113D00AAE287 /* Build configuration list for PBXNativeTarget "FastBlockUITests" */;
			buildPhases = (
				68C5C73D2E58113D00AAE287 /* Sources */,
				68C5C73E2E58113D00AAE287 /* Frameworks */,
				68C5C73F2E58113D00AAE287 /* Resources */,
			);
			buildRules = (
			);
			dependencies = (
				68C5C7432E58113D00AAE287 /* PBXTargetDependency */,
			);
			fileSystemSynchronizedGroups = (
				68C5C7442E58113D00AAE287 /* FastBlockUITests */,
			);
			name = FastBlockUITests;
			packageProductDependencies = (
			);
			productName = FastBlockUITests;
			productReference = 68C5C7412E58113D00AAE287 /* FastBlockUITests.xctest */;
			productType = "com.apple.product-type.bundle.ui-testing";
		};
		68C5C7572E5811C600AAE287 /* FastBlock Extension */ = {
			isa = PBXNativeTarget;
			buildConfigurationList = 68C5C7732E5811C600AAE287 /* Build configuration list for PBXNativeTarget "FastBlock Extension" */;
			buildPhases = (
				68C5C7542E5811C600AAE287 /* Sources */,
				68C5C7552E5811C600AAE287 /* Frameworks */,
				68C5C7562E5811C600AAE287 /* Resources */,
			);
			buildRules = (
			);
			dependencies = (
			);
			fileSystemSynchronizedGroups = (
				68C5C7592E5811C600AAE287 /* FastBlock Extension */,
			);
			name = "FastBlock Extension";
			packageProductDependencies = (
			);
			productName = "FastBlock Extension";
			productReference = 68C5C7582E5811C600AAE287 /* FastBlock Extension.appex */;
			productType = "com.apple.product-type.app-extension";
		};
/* End PBXNativeTarget section */

/* Begin PBXProject section */
		68C5C7212E58113B00AAE287 /* Project object */ = {
			isa = PBXProject;
			attributes = {
				BuildIndependentTargetsInParallel = 1;
				LastSwiftUpdateCheck = 1640;
				LastUpgradeCheck = 1640;
				TargetAttributes = {
					68C5C7282E58113B00AAE287 = {
						CreatedOnToolsVersion = 16.4;
					};
					68C5C7362E58113D00AAE287 = {
						CreatedOnToolsVersion = 16.4;
						TestTargetID = 68C5C7282E58113B00AAE287;
					};
					68C5C7402E58113D00AAE287 = {
						CreatedOnToolsVersion = 16.4;
						TestTargetID = 68C5C7282E58113B00AAE287;
					};
					68C5C7572E5811C600AAE287 = {
						CreatedOnToolsVersion = 16.4;
					};
				};
			};
			buildConfigurationList = 68C5C7242E58113B00AAE287 /* Build configuration list for PBXProject "FastBlock" */;
			developmentRegion = en;
			hasScannedForEncodings = 0;
			knownRegions = (
				en,
				Base,
			);
			mainGroup = 68C5C7202E58113B00AAE287;
			minimizedProjectReferenceProxies = 1;
			preferredProjectObjectVersion = 77;
			productRefGroup = 68C5C72A2E58113B00AAE287 /* Products */;
			projectDirPath = "";
			projectRoot = "";
			targets = (
				68C5C7282E58113B00AAE287 /* FastBlock */,
				68C5C7362E58113D00AAE287 /* FastBlockTests */,
				68C5C7402E58113D00AAE287 /* FastBlockUITests */,
				68C5C7572E5811C600AAE287 /* FastBlock Extension */,
			);
		};
/* End PBXProject section */

/* Begin PBXResourcesBuildPhase section */
		68C5C7272E58113B00AAE287 /* Resources */ = {
			isa = PBXResourcesBuildPhase;
			buildActionMask = 2147483647;
			files = (
			);
			runOnlyForDeploymentPostprocessing = 0;
		};
		68C5C7352E58113D00AAE287 /* Resources */ = {
			isa = PBXResourcesBuildPhase;
			buildActionMask = 2147483647;
			files = (
			);
			runOnlyForDeploymentPostprocessing = 0;
		};
		68C5C73F2E58113D00AAE287 /* Resources */ = {
			isa = PBXResourcesBuildPhase;
			buildActionMask = 2147483647;
			files = (
			);
			runOnlyForDeploymentPostprocessing = 0;
		};
		68C5C7562E5811C600AAE287 /* Resources */ = {
			isa = PBXResourcesBuildPhase;
			buildActionMask = 2147483647;
			files = (
			);
			runOnlyForDeploymentPostprocessing = 0;
		};
/* End PBXResourcesBuildPhase section */

/* Begin PBXSourcesBuildPhase section */
		68C5C7252E58113B00AAE287 /* Sources */ = {
			isa = PBXSourcesBuildPhase;
			buildActionMask = 2147483647;
			files = (
			);
			runOnlyForDeploymentPostprocessing = 0;
		};
		68C5C7332E58113D00AAE287 /* Sources */ = {
			isa = PBXSourcesBuildPhase;
			buildActionMask = 2147483647;
			files = (
			);
			runOnlyForDeploymentPostprocessing = 0;
		};
		68C5C73D2E58113D00AAE287 /* Sources */ = {
			isa = PBXSourcesBuildPhase;
			buildActionMask = 2147483647;
			files = (
			);
			runOnlyForDeploymentPostprocessing = 0;
		};
		68C5C7542E5811C600AAE287 /* Sources */ = {
			isa = PBXSourcesBuildPhase;
			buildActionMask = 2147483647;
			files = (
			);
			runOnlyForDeploymentPostprocessing = 0;
		};
/* End PBXSourcesBuildPhase section */

/* Begin PBXTargetDependency section */
		68C5C7392E58113D00AAE287 /* PBXTargetDependency */ = {
			isa = PBXTargetDependency;
			target = 68C5C7282E58113B00AAE287 /* FastBlock */;
			targetProxy = 68C5C7382E58113D00AAE287 /* PBXContainerItemProxy */;
		};
		68C5C7432E58113D00AAE287 /* PBXTargetDependency */ = {
			isa = PBXTargetDependency;
			target = 68C5C7282E58113B00AAE287 /* FastBlock */;
			targetProxy = 68C5C7422E58113D00AAE287 /* PBXContainerItemProxy */;
		};
		68C5C7702E5811C600AAE287 /* PBXTargetDependency */ = {
			isa = PBXTargetDependency;
			target = 68C5C7572E5811C600AAE287 /* FastBlock Extension */;
			targetProxy = 68C5C76F2E5811C600AAE287 /* PBXContainerItemProxy */;
		};
/* End PBXTargetDependency section */

/* Begin XCBuildConfiguration section */
		68C5C7492E58113D00AAE287 /* Debug */ = {
			isa = XCBuildConfiguration;
			buildSettings = {
				ALWAYS_SEARCH_USER_PATHS = NO;
				ASSETCATALOG_COMPILER_GENERATE_SWIFT_ASSET_SYMBOL_EXTENSIONS = YES;
				CLANG_ANALYZER_NONNULL = YES;
				CLANG_ANALYZER_NUMBER_OBJECT_CONVERSION = YES_AGGRESSIVE;
				CLANG_CXX_LANGUAGE_STANDARD = "gnu++20";
				CLANG_ENABLE_MODULES = YES;
				CLANG_ENABLE_OBJC_ARC = YES;
				CLANG_ENABLE_OBJC_WEAK = YES;
				CLANG_WARN_BLOCK_CAPTURE_AUTORELEASING = YES;
				CLANG_WARN_BOOL_CONVERSION = YES;
				CLANG_WARN_COMMA = YES;
				CLANG_WARN_CONSTANT_CONVERSION = YES;
				CLANG_WARN_DEPRECATED_OBJC_IMPLEMENTATIONS = YES;
				CLANG_WARN_DIRECT_OBJC_ISA_USAGE = YES_ERROR;
				CLANG_WARN_DOCUMENTATION_COMMENTS = YES;
				CLANG_WARN_EMPTY_BODY = YES;
				CLANG_WARN_ENUM_CONVERSION = YES;
				CLANG_WARN_INFINITE_RECURSION = YES;
				CLANG_WARN_INT_CONVERSION = YES;
				CLANG_WARN_NON_LITERAL_NULL_CONVERSION = YES;
				CLANG_WARN_OBJC_IMPLICIT_RETAIN_SELF = YES;
				CLANG_WARN_OBJC_LITERAL_CONVERSION = YES;
				CLANG_WARN_OBJC_ROOT_CLASS = YES_ERROR;
				CLANG_WARN_QUOTED_INCLUDE_IN_FRAMEWORK_HEADER = YES;
				CLANG_WARN_RANGE_LOOP_ANALYSIS = YES;
				CLANG_WARN_STRICT_PROTOTYPES = YES;
				CLANG_WARN_SUSPICIOUS_MOVE = YES;
				CLANG_WARN_UNGUARDED_AVAILABILITY = YES_AGGRESSIVE;
				CLANG_WARN_UNREACHABLE_CODE = YES;
				CLANG_WARN__DUPLICATE_METHOD_MATCH = YES;
				COPY_PHASE_STRIP = NO;
				DEBUG_INFORMATION_FORMAT = dwarf;
				ENABLE_STRICT_OBJC_MSGSEND = YES;
				ENABLE_TESTABILITY = YES;
				ENABLE_USER_SCRIPT_SANDBOXING = YES;
				GCC_C_LANGUAGE_STANDARD = gnu17;
				GCC_DYNAMIC_NO_PIC = NO;
				GCC_NO_COMMON_BLOCKS = YES;
				GCC_OPTIMIZATION_LEVEL = 0;
				GCC_PREPROCESSOR_DEFINITIONS = (
					"DEBUG=1",
					"$(inherited)",
				);
				GCC_WARN_64_TO_32_BIT_CONVERSION = YES;
				GCC_WARN_ABOUT_RETURN_TYPE = YES_ERROR;
				GCC_WARN_UNDECLARED_SELECTOR = YES;
				GCC_WARN_UNINITIALIZED_AUTOS = YES_AGGRESSIVE;
				GCC_WARN_UNUSED_FUNCTION = YES;
				GCC_WARN_UNUSED_VARIABLE = YES;
				LOCALIZATION_PREFERS_STRING_CATALOGS = YES;
				MACOSX_DEPLOYMENT_TARGET = 15.5;
				MTL_ENABLE_DEBUG_INFO = INCLUDE_SOURCE;
				MTL_FAST_MATH = YES;
				ONLY_ACTIVE_ARCH = YES;
				SDKROOT = macosx;
				SWIFT_ACTIVE_COMPILATION_CONDITIONS = "DEBUG $(inherited)";
				SWIFT_OPTIMIZATION_LEVEL = "-Onone";
			};
			name = Debug;
		};
		68C5C74A2E58113D00AAE287 /* Release */ = {
			isa = XCBuildConfiguration;
			buildSettings = {
				ALWAYS_SEARCH_USER_PATHS = NO;
				ASSETCATALOG_COMPILER_GENERATE_SWIFT_ASSET_SYMBOL_EXTENSIONS = YES;
				CLANG_ANALYZER_NONNULL = YES;
				CLANG_ANALYZER_NUMBER_OBJECT_CONVERSION = YES_AGGRESSIVE;
				CLANG_CXX_LANGUAGE_STANDARD = "gnu++20";
				CLANG_ENABLE_MODULES = YES;
				CLANG_ENABLE_OBJC_ARC = YES;
				CLANG_ENABLE_OBJC_WEAK = YES;
				CLANG_WARN_BLOCK_CAPTURE_AUTORELEASING = YES;
				CLANG_WARN_BOOL_CONVERSION = YES;
				CLANG_WARN_COMMA = YES;
				CLANG_WARN_CONSTANT_CONVERSION = YES;
				CLANG_WARN_DEPRECATED_OBJC_IMPLEMENTATIONS = YES;
				CLANG_WARN_DIRECT_OBJC_ISA_USAGE = YES_ERROR;
				CLANG_WARN_DOCUMENTATION_COMMENTS = YES;
				CLANG_WARN_EMPTY_BODY = YES;
				CLANG_WARN_ENUM_CONVERSION = YES;
				CLANG_WARN_INFINITE_RECURSION = YES;
				CLANG_WARN_INT_CONVERSION = YES;
				CLANG_WARN_NON_LITERAL_NULL_CONVERSION = YES;
				CLANG_WARN_OBJC_IMPLICIT_RETAIN_SELF = YES;
				CLANG_WARN_OBJC_LITERAL_CONVERSION = YES;
				CLANG_WARN_OBJC_ROOT_CLASS = YES_ERROR;
				CLANG_WARN_QUOTED_INCLUDE_IN_FRAMEWORK_HEADER = YES;
				CLANG_WARN_RANGE_LOOP_ANALYSIS = YES;
				CLANG_WARN_STRICT_PROTOTYPES = YES;
				CLANG_WARN_SUSPICIOUS_MOVE = YES;
				CLANG_WARN_UNGUARDED_AVAILABILITY = YES_AGGRESSIVE;
				CLANG_WARN_UNREACHABLE_CODE = YES;
				CLANG_WARN__DUPLICATE_METHOD_MATCH = YES;
				COPY_PHASE_STRIP = NO;
				DEBUG_INFORMATION_FORMAT = "dwarf-with-dsym";
				ENABLE_NS_ASSERTIONS = NO;
				ENABLE_STRICT_OBJC_MSGSEND = YES;
				ENABLE_USER_SCRIPT_SANDBOXING = YES;
				GCC_C_LANGUAGE_STANDARD = gnu17;
				GCC_NO_COMMON_BLOCKS = YES;
				GCC_WARN_64_TO_32_BIT_CONVERSION = YES;
				GCC_WARN_ABOUT_RETURN_TYPE = YES_ERROR;
				GCC_WARN_UNDECLARED_SELECTOR = YES;
				GCC_WARN_UNINITIALIZED_AUTOS = YES_AGGRESSIVE;
				GCC_WARN_UNUSED_FUNCTION = YES;
				GCC_WARN_UNUSED_VARIABLE = YES;
				LOCALIZATION_PREFERS_STRING_CATALOGS = YES;
				MACOSX_DEPLOYMENT_TARGET = 15.5;
				MTL_ENABLE_DEBUG_INFO = NO;
				MTL_FAST_MATH = YES;
				SDKROOT = macosx;
				SWIFT_COMPILATION_MODE = wholemodule;
			};
			name = Release;
		};
		68C5C74C2E58113D00AAE287 /* Debug */ = {
			isa = XCBuildConfiguration;
			buildSettings = {
				ASSETCATALOG_COMPILER_APPICON_NAME = AppIcon;
				ASSETCATALOG_COMPILER_GLOBAL_ACCENT_COLOR_NAME = AccentColor;
				CODE_SIGN_ENTITLEMENTS = FastBlock/FastBlock.entitlements;
				CODE_SIGN_STYLE = Automatic;
				COMBINE_HIDPI_IMAGES = YES;
				CURRENT_PROJECT_VERSION = 1;
				ENABLE_PREVIEWS = YES;
				GENERATE_INFOPLIST_FILE = YES;
				INFOPLIST_KEY_NSHumanReadableCopyright = "";
				LD_RUNPATH_SEARCH_PATHS = (
					"$(inherited)",
					"@executable_path/../Frameworks",
				);
				MARKETING_VERSION = 1.0;
				PRODUCT_BUNDLE_IDENTIFIER = com.fastblock.FastBlock;
				PRODUCT_NAME = "$(TARGET_NAME)";
				REGISTER_APP_GROUPS = YES;
				SWIFT_EMIT_LOC_STRINGS = YES;
				SWIFT_VERSION = 5.0;
			};
			name = Debug;
		};
		68C5C74D2E58113D00AAE287 /* Release */ = {
			isa = XCBuildConfiguration;
			buildSettings = {
				ASSETCATALOG_COMPILER_APPICON_NAME = AppIcon;
				ASSETCATALOG_COMPILER_GLOBAL_ACCENT_COLOR_NAME = AccentColor;
				CODE_SIGN_ENTITLEMENTS = FastBlock/FastBlock.entitlements;
				CODE_SIGN_STYLE = Automatic;
				COMBINE_HIDPI_IMAGES = YES;
				CURRENT_PROJECT_VERSION = 1;
				ENABLE_PREVIEWS = YES;
				GENERATE_INFOPLIST_FILE = YES;
				INFOPLIST_KEY_NSHumanReadableCopyright = "";
				LD_RUNPATH_SEARCH_PATHS = (
					"$(inherited)",
					"@executable_path/../Frameworks",
				);
				MARKETING_VERSION = 1.0;
				PRODUCT_BUNDLE_IDENTIFIER = com.fastblock.FastBlock;
				PRODUCT_NAME = "$(TARGET_NAME)";
				REGISTER_APP_GROUPS = YES;
				SWIFT_EMIT_LOC_STRINGS = YES;
				SWIFT_VERSION = 5.0;
			};
			name = Release;
		};
		68C5C74F2E58113D00AAE287 /* Debug */ = {
			isa = XCBuildConfiguration;
			buildSettings = {
				BUNDLE_LOADER = "$(TEST_HOST)";
				CODE_SIGN_STYLE = Automatic;
				CURRENT_PROJECT_VERSION = 1;
				GENERATE_INFOPLIST_FILE = YES;
				MACOSX_DEPLOYMENT_TARGET = 15.5;
				MARKETING_VERSION = 1.0;
				PRODUCT_BUNDLE_IDENTIFIER = com.fastblock.FastBlockTests;
				PRODUCT_NAME = "$(TARGET_NAME)";
				SWIFT_EMIT_LOC_STRINGS = NO;
				SWIFT_VERSION = 5.0;
				TEST_HOST = "$(BUILT_PRODUCTS_DIR)/FastBlock.app/$(BUNDLE_EXECUTABLE_FOLDER_PATH)/FastBlock";
			};
			name = Debug;
		};
		68C5C7502E58113D00AAE287 /* Release */ = {
			isa = XCBuildConfiguration;
			buildSettings = {
				BUNDLE_LOADER = "$(TEST_HOST)";
				CODE_SIGN_STYLE = Automatic;
				CURRENT_PROJECT_VERSION = 1;
				GENERATE_INFOPLIST_FILE = YES;
				MACOSX_DEPLOYMENT_TARGET = 15.5;
				MARKETING_VERSION = 1.0;
				PRODUCT_BUNDLE_IDENTIFIER = com.fastblock.FastBlockTests;
				PRODUCT_NAME = "$(TARGET_NAME)";
				SWIFT_EMIT_LOC_STRINGS = NO;
				SWIFT_VERSION = 5.0;
				TEST_HOST = "$(BUILT_PRODUCTS_DIR)/FastBlock.app/$(BUNDLE_EXECUTABLE_FOLDER_PATH)/FastBlock";
			};
			name = Release;
		};
		68C5C7522E58113D00AAE287 /* Debug */ = {
			isa = XCBuildConfiguration;
			buildSettings = {
				CODE_SIGN_STYLE = Automatic;
				CURRENT_PROJECT_VERSION = 1;
				GENERATE_INFOPLIST_FILE = YES;
				MARKETING_VERSION = 1.0;
				PRODUCT_BUNDLE_IDENTIFIER = com.fastblock.FastBlockUITests;
				PRODUCT_NAME = "$(TARGET_NAME)";
				SWIFT_EMIT_LOC_STRINGS = NO;
				SWIFT_VERSION = 5.0;
				TEST_TARGET_NAME = FastBlock;
			};
			name = Debug;
		};
		68C5C7532E58113D00AAE287 /* Release */ = {
			isa = XCBuildConfiguration;
			buildSettings = {
				CODE_SIGN_STYLE = Automatic;
				CURRENT_PROJECT_VERSION = 1;
				GENERATE_INFOPLIST_FILE = YES;
				MARKETING_VERSION = 1.0;
				PRODUCT_BUNDLE_IDENTIFIER = com.fastblock.FastBlockUITests;
				PRODUCT_NAME = "$(TARGET_NAME)";
				SWIFT_EMIT_LOC_STRINGS = NO;
				SWIFT_VERSION = 5.0;
				TEST_TARGET_NAME = FastBlock;
			};
			name = Release;
		};
		68C5C7742E5811C600AAE287 /* Debug */ = {
			isa = XCBuildConfiguration;
			buildSettings = {
				CODE_SIGN_ENTITLEMENTS = "FastBlock Extension/FastBlock_Extension.entitlements";
				CODE_SIGN_STYLE = Automatic;
				CURRENT_PROJECT_VERSION = 1;
				ENABLE_HARDENED_RUNTIME = YES;
				GENERATE_INFOPLIST_FILE = YES;
				INFOPLIST_FILE = "FastBlock Extension/Info.plist";
				INFOPLIST_KEY_CFBundleDisplayName = "FastBlock Extension";
				INFOPLIST_KEY_NSHumanReadableCopyright = "";
				LD_RUNPATH_SEARCH_PATHS = (
					"$(inherited)",
					"@executable_path/../Frameworks",
					"@executable_path/../../../../Frameworks",
				);
				MACOSX_DEPLOYMENT_TARGET = 10.14;
				MARKETING_VERSION = 1.0;
				OTHER_LDFLAGS = (
					"-framework",
					SafariServices,
				);
				PRODUCT_BUNDLE_IDENTIFIER = "com.fastblock.FastBlock.FastBlock-Extension";
				PRODUCT_NAME = "$(TARGET_NAME)";
				SKIP_INSTALL = YES;
				SWIFT_EMIT_LOC_STRINGS = YES;
				SWIFT_VERSION = 5.0;
			};
			name = Debug;
		};
		68C5C7752E5811C600AAE287 /* Release */ = {
			isa = XCBuildConfiguration;
			buildSettings = {
				CODE_SIGN_ENTITLEMENTS = "FastBlock Extension/FastBlock_Extension.entitlements";
				CODE_SIGN_STYLE = Automatic;
				CURRENT_PROJECT_VERSION = 1;
				ENABLE_HARDENED_RUNTIME = YES;
				GENERATE_INFOPLIST_FILE = YES;
				INFOPLIST_FILE = "FastBlock Extension/Info.plist";
				INFOPLIST_KEY_CFBundleDisplayName = "FastBlock Extension";
				INFOPLIST_KEY_NSHumanReadableCopyright = "";
				LD_RUNPATH_SEARCH_PATHS = (
					"$(inherited)",
					"@executable_path/../Frameworks",
					"@executable_path/../../../../Frameworks",
				);
				MACOSX_DEPLOYMENT_TARGET = 10.14;
				MARKETING_VERSION = 1.0;
				OTHER_LDFLAGS = (
					"-framework",
					SafariServices,
				);
				PRODUCT_BUNDLE_IDENTIFIER = "com.fastblock.FastBlock.FastBlock-Extension";
				PRODUCT_NAME = "$(TARGET_NAME)";
				SKIP_INSTALL = YES;
				SWIFT_EMIT_LOC_STRINGS = YES;
				SWIFT_VERSION = 5.0;
			};
			name = Release;
		};
/* End XCBuildConfiguration section */

/* Begin XCConfigurationList section */
		68C5C7242E58113B00AAE287 /* Build configuration list for PBXProject "FastBlock" */ = {
			isa = XCConfigurationList;
			buildConfigurations = (
				68C5C7492E58113D00AAE287 /* Debug */,
				68C5C74A2E58113D00AAE287 /* Release */,
			);
			defaultConfigurationIsVisible = 0;
			defaultConfigurationName = Release;
		};
		68C5C74B2E58113D00AAE287 /* Build configuration list for PBXNativeTarget "FastBlock" */ = {
			isa = XCConfigurationList;
			buildConfigurations = (
				68C5C74C2E58113D00AAE287 /* Debug */,
				68C5C74D2E58113D00AAE287 /* Release */,
			);
			defaultConfigurationIsVisible = 0;
			defaultConfigurationName = Release;
		};
		68C5C74E2E58113D00AAE287 /* Build configuration list for PBXNativeTarget "FastBlockTests" */ = {
			isa = XCConfigurationList;
			buildConfigurations = (
				68C5C74F2E58113D00AAE287 /* Debug */,
				68C5C7502E58113D00AAE287 /* Release */,
			);
			defaultConfigurationIsVisible = 0;
			defaultConfigurationName = Release;
		};
		68C5C7512E58113D00AAE287 /* Build configuration list for PBXNativeTarget "FastBlockUITests" */ = {
			isa = XCConfigurationList;
			buildConfigurations = (
				68C5C7522E58113D00AAE287 /* Debug */,
				68C5C7532E58113D00AAE287 /* Release */,
			);
			defaultConfigurationIsVisible = 0;
			defaultConfigurationName = Release;
		};
		68C5C7732E5811C600AAE287 /* Build configuration list for PBXNativeTarget "FastBlock Extension" */ = {
			isa = XCConfigurationList;
			buildConfigurations = (
				68C5C7742E5811C600AAE287 /* Debug */,
				68C5C7752E5811C600AAE287 /* Release */,
			);
			defaultConfigurationIsVisible = 0;
			defaultConfigurationName = Release;
		};
/* End XCConfigurationList section */
	};
	rootObject = 68C5C7212E58113B00AAE287 /* Project object */;
}
